
Microsoft Visual Studio Solution File, Format Version 12.00
# Visual Studio Version 16
VisualStudioVersion = 16.0.31410.357
MinimumVisualStudioVersion = 10.0.40219.1
Project("{FAE04EC0-301F-11D3-BF4B-00C04F79EFBC}") = "C8 estructuras de control de selección y de iteración", "C8 estructuras de control de selección y de iteración.csproj", "{58F79A6A-5231-411C-BDFB-E2017EDF71DD}"
EndProject
Global
	GlobalSection(SolutionConfigurationPlatforms) = preSolution
		Debug|Any CPU = Debug|Any CPU
		Release|Any CPU = Release|Any CPU
	EndGlobalSection
	GlobalSection(ProjectConfigurationPlatforms) = postSolution
		{58F79A6A-5231-411C-BDFB-E2017EDF71DD}.Debug|Any CPU.ActiveCfg = Debug|Any CPU
		{58F79A6A-5231-411C-BDFB-E2017EDF71DD}.Debug|Any CPU.Build.0 = Debug|Any CPU
		{58F79A6A-5231-411C-BDFB-E2017EDF71DD}.Release|Any CPU.ActiveCfg = Release|Any CPU
		{58F79A6A-5231-411C-BDFB-E2017EDF71DD}.Release|Any CPU.Build.0 = Release|Any CPU
	EndGlobalSection
	GlobalSection(SolutionProperties) = preSolution
		HideSolutionNode = FALSE
	EndGlobalSection
	GlobalSection(ExtensibilityGlobals) = postSolution
		SolutionGuid = {A82E8CBA-6CAE-4AFF-BC23-3264FE114237}
	EndGlobalSection
EndGlobal
